
Microsoft Visual Studio Solution File, Format Version 12.00
# Visual Studio Version 17
VisualStudioVersion = 17.2.32505.173
MinimumVisualStudioVersion = 10.0.40219.1
Project("{FAE04EC0-301F-11D3-BF4B-00C04F79EFBC}") = "DisplayRoutes", "DisplayRoutes\DisplayRoutes.csproj", "{6559F6C8-90AD-4550-BCE3-C98B6DB0610B}"
EndProject
Global
	GlobalSection(SolutionConfigurationPlatforms) = preSolution
		Debug|Any CPU = Debug|Any CPU
		Release|Any CPU = Release|Any CPU
	EndGlobalSection
	GlobalSection(ProjectConfigurationPlatforms) = postSolution
		{6559F6C8-90AD-4550-BCE3-C98B6DB0610B}.Debug|Any CPU.ActiveCfg = Debug|Any CPU
		{6559F6C8-90AD-4550-BCE3-C98B6DB0610B}.Debug|Any CPU.Build.0 = Debug|Any CPU
		{6559F6C8-90AD-4550-BCE3-C98B6DB0610B}.Release|Any CPU.ActiveCfg = Release|Any CPU
		{6559F6C8-90AD-4550-BCE3-C98B6DB0610B}.Release|Any CPU.Build.0 = Release|Any CPU
	EndGlobalSection
	GlobalSection(SolutionProperties) = preSolution
		HideSolutionNode = FALSE
	EndGlobalSection
	GlobalSection(ExtensibilityGlobals) = postSolution
		SolutionGuid = {FA6D946C-A5F6-430D-BA07-39D0EA4CFC61}
	EndGlobalSection
EndGlobal
